
Microsoft Visual Studio Solution File, Format Version 12.00
# Visual Studio Version 17
VisualStudioVersion = 17.4.33122.133
MinimumVisualStudioVersion = 10.0.40219.1
Project("{FAE04EC0-301F-11D3-BF4B-00C04F79EFBC}") = "Dotnet5", "Dotnet5\Dotnet5.csproj", "{1C2EB2C5-8A36-4D3D-B829-38AC6589FA69}"
EndProject
Project("{FAE04EC0-301F-11D3-BF4B-00C04F79EFBC}") = "Methods", "..\..\Dotnet6\Methods\Methods.csproj", "{51AFCE75-2D76-42C6-9E4A-CC673A488836}"
EndProject
Global
	GlobalSection(SolutionConfigurationPlatforms) = preSolution
		Debug|Any CPU = Debug|Any CPU
		Release|Any CPU = Release|Any CPU
	EndGlobalSection
	GlobalSection(ProjectConfigurationPlatforms) = postSolution
		{1C2EB2C5-8A36-4D3D-B829-38AC6589FA69}.Debug|Any CPU.ActiveCfg = Debug|Any CPU
		{1C2EB2C5-8A36-4D3D-B829-38AC6589FA69}.Debug|Any CPU.Build.0 = Debug|Any CPU
		{1C2EB2C5-8A36-4D3D-B829-38AC6589FA69}.Release|Any CPU.ActiveCfg = Release|Any CPU
		{1C2EB2C5-8A36-4D3D-B829-38AC6589FA69}.Release|Any CPU.Build.0 = Release|Any CPU
		{51AFCE75-2D76-42C6-9E4A-CC673A488836}.Debug|Any CPU.ActiveCfg = Debug|Any CPU
		{51AFCE75-2D76-42C6-9E4A-CC673A488836}.Debug|Any CPU.Build.0 = Debug|Any CPU
		{51AFCE75-2D76-42C6-9E4A-CC673A488836}.Release|Any CPU.ActiveCfg = Release|Any CPU
		{51AFCE75-2D76-42C6-9E4A-CC673A488836}.Release|Any CPU.Build.0 = Release|Any CPU
	EndGlobalSection
	GlobalSection(SolutionProperties) = preSolution
		HideSolutionNode = FALSE
	EndGlobalSection
	GlobalSection(ExtensibilityGlobals) = postSolution
		SolutionGuid = {60E18711-EAF3-42F5-82F1-F259A3971B54}
	EndGlobalSection
EndGlobal
